{
  "version": 4,
  "terraform_version": "1.13.3",
  "serial": 10,
  "lineage": "10bf1fa6-94d7-c73d-5eb7-f3687aef2029",
  "outputs": {},
  "resources": [
    {
      "mode": "managed",
      "type": "helm_release",
      "name": "api",
      "provider": "provider[\"registry.terraform.io/hashicorp/helm\"]",
      "instances": [
        {
          "schema_version": 1,
          "attributes": {
            "atomic": false,
            "chart": "./../api-helmchart",
            "cleanup_on_fail": false,
            "create_namespace": false,
            "dependency_update": false,
            "description": null,
            "devel": null,
            "disable_crd_hooks": false,
            "disable_openapi_validation": false,
            "disable_webhooks": false,
            "force_update": false,
            "id": "praksa-task-api-dev",
            "keyring": null,
            "lint": false,
            "manifest": null,
            "max_history": 0,
            "metadata": [
              {
                "app_version": "1.0.0",
                "chart": "api-helmchart",
                "first_deployed": 1759501530,
                "last_deployed": 1759618268,
                "name": "praksa-task-api-dev",
                "namespace": "praksa-task-dev",
                "notes": "",
                "revision": 2,
                "values": "{\"env\":\"dev\",\"image\":{\"pullPolicy\":\"Always\",\"repository\":\"ghcr.io/gusmarko/praksa-task-api/praksa-task-api\",\"tag\":\"latest\"},\"namespace\":\"praksa-task-dev\",\"persistence\":{\"accessMode\":\"ReadWriteOnce\",\"mountPath\":\"/data\",\"size\":\"1Gi\"},\"replicaCount\":2,\"resources\":{\"limits\":{\"cpu\":\"200m\",\"memory\":\"128Mi\"},\"requests\":{\"cpu\":\"50m\",\"memory\":\"64Mi\"}},\"service\":{\"port\":8080,\"type\":\"ClusterIP\"}}",
                "version": "0.1.0"
              }
            ],
            "name": "praksa-task-api-dev",
            "namespace": "praksa-task-dev",
            "pass_credentials": false,
            "postrender": [],
            "recreate_pods": false,
            "render_subchart_notes": true,
            "replace": false,
            "repository": null,
            "repository_ca_file": null,
            "repository_cert_file": null,
            "repository_key_file": null,
            "repository_password": null,
            "repository_username": null,
            "reset_values": false,
            "reuse_values": false,
            "set": [],
            "set_list": [],
            "set_sensitive": [],
            "skip_crds": false,
            "status": "deployed",
            "timeout": 300,
            "upgrade_install": null,
            "values": [
              "replicaCount: 2\r\n\r\nenv: dev\r\n\r\nimage:\r\n  repository: ghcr.io/gusmarko/praksa-task-api/praksa-task-api\r\n  tag: latest\r\n  pullPolicy: Always\r\n\r\nservice:\r\n  type: ClusterIP\r\n  port: 8080\r\n\r\nresources:\r\n  limits:\r\n    cpu: 200m\r\n    memory: 128Mi\r\n  requests:\r\n    cpu: 50m\r\n    memory: 64Mi\r\n\r\npersistence:\r\n  size: 1Gi\r\n  accessMode: ReadWriteOnce\r\n  mountPath: /data\r\n\r\nnamespace: praksa-task-dev\r\n"
            ],
            "verify": false,
            "version": "0.1.0",
            "wait": true,
            "wait_for_jobs": false
          },
          "sensitive_attributes": [
            [
              {
                "type": "get_attr",
                "value": "repository_password"
              }
            ]
          ],
          "identity_schema_version": 0,
          "private": "eyJzY2hlbWFfdmVyc2lvbiI6IjEifQ==",
          "dependencies": [
            "kubernetes_namespace.praksa_task"
          ]
        }
      ]
    },
    {
      "mode": "managed",
      "type": "helm_release",
      "name": "ui",
      "provider": "provider[\"registry.terraform.io/hashicorp/helm\"]",
      "instances": [
        {
          "schema_version": 1,
          "attributes": {
            "atomic": false,
            "chart": "./../ui-helmchart",
            "cleanup_on_fail": false,
            "create_namespace": false,
            "dependency_update": false,
            "description": null,
            "devel": null,
            "disable_crd_hooks": false,
            "disable_openapi_validation": false,
            "disable_webhooks": false,
            "force_update": false,
            "id": "praksa-task-ui-dev",
            "keyring": null,
            "lint": false,
            "manifest": null,
            "max_history": 0,
            "metadata": [
              {
                "app_version": "1.0.0",
                "chart": "ui-helmchart",
                "first_deployed": 1759501262,
                "last_deployed": 1759618268,
                "name": "praksa-task-ui-dev",
                "namespace": "praksa-task-dev",
                "notes": "",
                "revision": 2,
                "values": "{\"env\":\"dev\",\"image\":{\"pullPolicy\":\"Always\",\"repository\":\"ghcr.io/gusmarko/praksa-task-ui/praksa-task-ui\",\"tag\":\"latest\"},\"namespace\":\"praksa-task-dev\",\"replicaCount\":2,\"resources\":{\"limits\":{\"cpu\":\"200m\",\"memory\":\"128Mi\"},\"requests\":{\"cpu\":\"50m\",\"memory\":\"64Mi\"}},\"service\":{\"port\":3030,\"type\":\"ClusterIP\"}}",
                "version": "0.1.0"
              }
            ],
            "name": "praksa-task-ui-dev",
            "namespace": "praksa-task-dev",
            "pass_credentials": false,
            "postrender": [],
            "recreate_pods": false,
            "render_subchart_notes": true,
            "replace": false,
            "repository": null,
            "repository_ca_file": null,
            "repository_cert_file": null,
            "repository_key_file": null,
            "repository_password": null,
            "repository_username": null,
            "reset_values": false,
            "reuse_values": false,
            "set": [],
            "set_list": [],
            "set_sensitive": [],
            "skip_crds": false,
            "status": "deployed",
            "timeout": 300,
            "upgrade_install": null,
            "values": [
              "replicaCount: 2\r\n\r\nenv: dev\r\n\r\nimage:\r\n  repository: ghcr.io/gusmarko/praksa-task-ui/praksa-task-ui\r\n  tag: latest\r\n  pullPolicy: Always\r\n\r\nservice:\r\n  type: ClusterIP\r\n  port: 3030\r\n\r\nresources:\r\n  limits:\r\n    cpu: 200m\r\n    memory: 128Mi\r\n  requests:\r\n    cpu: 50m\r\n    memory: 64Mi\r\n\r\nnamespace: praksa-task-dev\r\n"
            ],
            "verify": false,
            "version": "0.1.0",
            "wait": true,
            "wait_for_jobs": false
          },
          "sensitive_attributes": [
            [
              {
                "type": "get_attr",
                "value": "repository_password"
              }
            ]
          ],
          "identity_schema_version": 0,
          "private": "eyJzY2hlbWFfdmVyc2lvbiI6IjEifQ==",
          "dependencies": [
            "kubernetes_namespace.praksa_task"
          ]
        }
      ]
    },
    {
      "mode": "managed",
      "type": "kubernetes_namespace",
      "name": "praksa_task",
      "provider": "provider[\"registry.terraform.io/hashicorp/kubernetes\"]",
      "instances": [
        {
          "schema_version": 0,
          "attributes": {
            "id": "praksa-task-dev",
            "metadata": [
              {
                "annotations": {},
                "generate_name": "",
                "generation": 0,
                "labels": {},
                "name": "praksa-task-dev",
                "resource_version": "2793",
                "uid": "983c6814-52ed-4fbd-b3d0-2a6f36f7f6e2"
              }
            ],
            "timeouts": null,
            "wait_for_default_service_account": false
          },
          "sensitive_attributes": [],
          "identity_schema_version": 1,
          "identity": {
            "api_version": "v1",
            "kind": "Namespace",
            "name": "praksa-task-dev"
          },
          "private": "eyJlMmJmYjczMC1lY2FhLTExZTYtOGY4OC0zNDM2M2JjN2M0YzAiOnsiZGVsZXRlIjozMDAwMDAwMDAwMDB9fQ=="
        }
      ]
    }
  ],
  "check_results": null
}
